
Microsoft Visual Studio Solution File, Format Version 12.00
# Visual Studio 15
VisualStudioVersion = 15.0.26430.16
MinimumVisualStudioVersion = 10.0.40219.1
Project("{FAE04EC0-301F-11D3-BF4B-00C04F79EFBC}") = "TDFViewer", "Tools\TDFViewer\TDFViewer.csproj", "{80CCD73C-14D4-4637-9C1D-89D4A65EF6C3}"
EndProject
Project("{FAE04EC0-301F-11D3-BF4B-00C04F79EFBC}") = "TdfToXml", "_old\TdfToXml\TdfToXml\TdfToXml.csproj", "{9415F34F-5537-483B-9BB2-1BF5771236F6}"
EndProject
Project("{FAE04EC0-301F-11D3-BF4B-00C04F79EFBC}") = "RiceLauncher", "Injector\RiceLauncher\RiceLauncher.csproj", "{90B7125E-F7D0-4921-BF3E-1FA53A2E9D23}"
EndProject
Project("{FAE04EC0-301F-11D3-BF4B-00C04F79EFBC}") = "NTXViewer", "Tools\NTXViewer\NTXViewer.csproj", "{5A1A08C2-83BA-4EC4-92D9-B373093B218B}"
EndProject
Project("{FAE04EC0-301F-11D3-BF4B-00C04F79EFBC}") = "DCNC_Tools", "Libs\DCNC_Tools\DCNC_Tools.csproj", "{46929736-B984-430E-9A42-592EAF02AD05}"
EndProject
Project("{FAE04EC0-301F-11D3-BF4B-00C04F79EFBC}") = "AGTViewer", "Tools\AGTViewer\AGTViewer.csproj", "{7EA2330C-0E7D-491E-8A82-C1CE5BCC1359}"
EndProject
Project("{2150E333-8FDC-42A3-9474-1A3956D46DE8}") = "Tools", "Tools", "{7C5CEEBC-1F9E-41A0-BBAA-FB9507543B87}"
EndProject
Project("{2150E333-8FDC-42A3-9474-1A3956D46DE8}") = "Libs", "Libs", "{D16789E0-0D2D-48A7-BBF3-22BABEF22495}"
EndProject
Project("{FAE04EC0-301F-11D3-BF4B-00C04F79EFBC}") = "DCNC_Tools.Tests", "Tests\DCNC_Tools.Tests\DCNC_Tools.Tests.csproj", "{740FACAD-DBD3-48E6-B2B4-61D9BC662505}"
EndProject
Project("{2150E333-8FDC-42A3-9474-1A3956D46DE8}") = "Injector", "Injector", "{FB69C5CC-251D-4CAF-8399-82E955B06A91}"
EndProject
Project("{2150E333-8FDC-42A3-9474-1A3956D46DE8}") = "Tests", "Tests", "{90699EE2-DFE7-4251-B13C-7BA0D355847B}"
EndProject
Project("{8BC9CEB8-8B4A-11D0-8D11-00A0C91BC942}") = "DCNCHook", "Injector\Hook\DCNCHook.vcxproj", "{C8A64E56-048D-433B-86F4-EC7498A5DD31}"
EndProject
Project("{FAE04EC0-301F-11D3-BF4B-00C04F79EFBC}") = "Launcher", "Injector\Launcher\Launcher.csproj", "{C04CBCC2-9CFA-4951-A6CA-86C446B974EF}"
EndProject
Project("{FAE04EC0-301F-11D3-BF4B-00C04F79EFBC}") = "JLibrary", "Libs\JLibrary\JLibrary.csproj", "{E8C4CA76-45CC-4054-BA75-E3817F4B35BC}"
EndProject
Global
	GlobalSection(SolutionConfigurationPlatforms) = preSolution
		Debug|Any CPU = Debug|Any CPU
		Debug|x64 = Debug|x64
		Debug|x86 = Debug|x86
		Release|Any CPU = Release|Any CPU
		Release|x64 = Release|x64
		Release|x86 = Release|x86
	EndGlobalSection
	GlobalSection(ProjectConfigurationPlatforms) = postSolution
		{80CCD73C-14D4-4637-9C1D-89D4A65EF6C3}.Debug|Any CPU.ActiveCfg = Debug|Any CPU
		{80CCD73C-14D4-4637-9C1D-89D4A65EF6C3}.Debug|Any CPU.Build.0 = Debug|Any CPU
		{80CCD73C-14D4-4637-9C1D-89D4A65EF6C3}.Debug|x64.ActiveCfg = Debug|Any CPU
		{80CCD73C-14D4-4637-9C1D-89D4A65EF6C3}.Debug|x64.Build.0 = Debug|Any CPU
		{80CCD73C-14D4-4637-9C1D-89D4A65EF6C3}.Debug|x86.ActiveCfg = Debug|x86
		{80CCD73C-14D4-4637-9C1D-89D4A65EF6C3}.Debug|x86.Build.0 = Debug|x86
		{80CCD73C-14D4-4637-9C1D-89D4A65EF6C3}.Release|Any CPU.ActiveCfg = Release|Any CPU
		{80CCD73C-14D4-4637-9C1D-89D4A65EF6C3}.Release|Any CPU.Build.0 = Release|Any CPU
		{80CCD73C-14D4-4637-9C1D-89D4A65EF6C3}.Release|x64.ActiveCfg = Release|Any CPU
		{80CCD73C-14D4-4637-9C1D-89D4A65EF6C3}.Release|x64.Build.0 = Release|Any CPU
		{80CCD73C-14D4-4637-9C1D-89D4A65EF6C3}.Release|x86.ActiveCfg = Release|x86
		{80CCD73C-14D4-4637-9C1D-89D4A65EF6C3}.Release|x86.Build.0 = Release|x86
		{9415F34F-5537-483B-9BB2-1BF5771236F6}.Debug|Any CPU.ActiveCfg = Debug|Any CPU
		{9415F34F-5537-483B-9BB2-1BF5771236F6}.Debug|x64.ActiveCfg = Debug|Any CPU
		{9415F34F-5537-483B-9BB2-1BF5771236F6}.Debug|x64.Build.0 = Debug|Any CPU
		{9415F34F-5537-483B-9BB2-1BF5771236F6}.Debug|x86.ActiveCfg = Debug|x86
		{9415F34F-5537-483B-9BB2-1BF5771236F6}.Debug|x86.Build.0 = Debug|x86
		{9415F34F-5537-483B-9BB2-1BF5771236F6}.Release|Any CPU.ActiveCfg = Release|Any CPU
		{9415F34F-5537-483B-9BB2-1BF5771236F6}.Release|Any CPU.Build.0 = Release|Any CPU
		{9415F34F-5537-483B-9BB2-1BF5771236F6}.Release|x64.ActiveCfg = Release|Any CPU
		{9415F34F-5537-483B-9BB2-1BF5771236F6}.Release|x64.Build.0 = Release|Any CPU
		{9415F34F-5537-483B-9BB2-1BF5771236F6}.Release|x86.ActiveCfg = Release|x86
		{9415F34F-5537-483B-9BB2-1BF5771236F6}.Release|x86.Build.0 = Release|x86
		{90B7125E-F7D0-4921-BF3E-1FA53A2E9D23}.Debug|Any CPU.ActiveCfg = Debug|x86
		{90B7125E-F7D0-4921-BF3E-1FA53A2E9D23}.Debug|x64.ActiveCfg = Debug|x86
		{90B7125E-F7D0-4921-BF3E-1FA53A2E9D23}.Debug|x86.ActiveCfg = Debug|x86
		{90B7125E-F7D0-4921-BF3E-1FA53A2E9D23}.Release|Any CPU.ActiveCfg = Release|x86
		{90B7125E-F7D0-4921-BF3E-1FA53A2E9D23}.Release|x64.ActiveCfg = Release|x86
		{90B7125E-F7D0-4921-BF3E-1FA53A2E9D23}.Release|x86.ActiveCfg = Release|x86
		{5A1A08C2-83BA-4EC4-92D9-B373093B218B}.Debug|Any CPU.ActiveCfg = Debug|Any CPU
		{5A1A08C2-83BA-4EC4-92D9-B373093B218B}.Debug|Any CPU.Build.0 = Debug|Any CPU
		{5A1A08C2-83BA-4EC4-92D9-B373093B218B}.Debug|x64.ActiveCfg = Debug|Any CPU
		{5A1A08C2-83BA-4EC4-92D9-B373093B218B}.Debug|x64.Build.0 = Debug|Any CPU
		{5A1A08C2-83BA-4EC4-92D9-B373093B218B}.Debug|x86.ActiveCfg = Debug|x86
		{5A1A08C2-83BA-4EC4-92D9-B373093B218B}.Debug|x86.Build.0 = Debug|x86
		{5A1A08C2-83BA-4EC4-92D9-B373093B218B}.Release|Any CPU.ActiveCfg = Release|Any CPU
		{5A1A08C2-83BA-4EC4-92D9-B373093B218B}.Release|Any CPU.Build.0 = Release|Any CPU
		{5A1A08C2-83BA-4EC4-92D9-B373093B218B}.Release|x64.ActiveCfg = Release|Any CPU
		{5A1A08C2-83BA-4EC4-92D9-B373093B218B}.Release|x64.Build.0 = Release|Any CPU
		{5A1A08C2-83BA-4EC4-92D9-B373093B218B}.Release|x86.ActiveCfg = Release|x86
		{5A1A08C2-83BA-4EC4-92D9-B373093B218B}.Release|x86.Build.0 = Release|x86
		{46929736-B984-430E-9A42-592EAF02AD05}.Debug|Any CPU.ActiveCfg = Debug|Any CPU
		{46929736-B984-430E-9A42-592EAF02AD05}.Debug|Any CPU.Build.0 = Debug|Any CPU
		{46929736-B984-430E-9A42-592EAF02AD05}.Debug|x64.ActiveCfg = Debug|Any CPU
		{46929736-B984-430E-9A42-592EAF02AD05}.Debug|x64.Build.0 = Debug|Any CPU
		{46929736-B984-430E-9A42-592EAF02AD05}.Debug|x86.ActiveCfg = Debug|x86
		{46929736-B984-430E-9A42-592EAF02AD05}.Debug|x86.Build.0 = Debug|x86
		{46929736-B984-430E-9A42-592EAF02AD05}.Release|Any CPU.ActiveCfg = Release|Any CPU
		{46929736-B984-430E-9A42-592EAF02AD05}.Release|Any CPU.Build.0 = Release|Any CPU
		{46929736-B984-430E-9A42-592EAF02AD05}.Release|x64.ActiveCfg = Release|Any CPU
		{46929736-B984-430E-9A42-592EAF02AD05}.Release|x64.Build.0 = Release|Any CPU
		{46929736-B984-430E-9A42-592EAF02AD05}.Release|x86.ActiveCfg = Release|x86
		{46929736-B984-430E-9A42-592EAF02AD05}.Release|x86.Build.0 = Release|x86
		{7EA2330C-0E7D-491E-8A82-C1CE5BCC1359}.Debug|Any CPU.ActiveCfg = Debug|Any CPU
		{7EA2330C-0E7D-491E-8A82-C1CE5BCC1359}.Debug|Any CPU.Build.0 = Debug|Any CPU
		{7EA2330C-0E7D-491E-8A82-C1CE5BCC1359}.Debug|x64.ActiveCfg = Debug|Any CPU
		{7EA2330C-0E7D-491E-8A82-C1CE5BCC1359}.Debug|x64.Build.0 = Debug|Any CPU
		{7EA2330C-0E7D-491E-8A82-C1CE5BCC1359}.Debug|x86.ActiveCfg = Debug|x86
		{7EA2330C-0E7D-491E-8A82-C1CE5BCC1359}.Debug|x86.Build.0 = Debug|x86
		{7EA2330C-0E7D-491E-8A82-C1CE5BCC1359}.Release|Any CPU.ActiveCfg = Release|Any CPU
		{7EA2330C-0E7D-491E-8A82-C1CE5BCC1359}.Release|Any CPU.Build.0 = Release|Any CPU
		{7EA2330C-0E7D-491E-8A82-C1CE5BCC1359}.Release|x64.ActiveCfg = Release|Any CPU
		{7EA2330C-0E7D-491E-8A82-C1CE5BCC1359}.Release|x64.Build.0 = Release|Any CPU
		{7EA2330C-0E7D-491E-8A82-C1CE5BCC1359}.Release|x86.ActiveCfg = Release|x86
		{7EA2330C-0E7D-491E-8A82-C1CE5BCC1359}.Release|x86.Build.0 = Release|x86
		{740FACAD-DBD3-48E6-B2B4-61D9BC662505}.Debug|Any CPU.ActiveCfg = Debug|Any CPU
		{740FACAD-DBD3-48E6-B2B4-61D9BC662505}.Debug|Any CPU.Build.0 = Debug|Any CPU
		{740FACAD-DBD3-48E6-B2B4-61D9BC662505}.Debug|x64.ActiveCfg = Debug|Any CPU
		{740FACAD-DBD3-48E6-B2B4-61D9BC662505}.Debug|x64.Build.0 = Debug|Any CPU
		{740FACAD-DBD3-48E6-B2B4-61D9BC662505}.Debug|x86.ActiveCfg = Debug|x86
		{740FACAD-DBD3-48E6-B2B4-61D9BC662505}.Debug|x86.Build.0 = Debug|x86
		{740FACAD-DBD3-48E6-B2B4-61D9BC662505}.Release|Any CPU.ActiveCfg = Release|Any CPU
		{740FACAD-DBD3-48E6-B2B4-61D9BC662505}.Release|Any CPU.Build.0 = Release|Any CPU
		{740FACAD-DBD3-48E6-B2B4-61D9BC662505}.Release|x64.ActiveCfg = Release|Any CPU
		{740FACAD-DBD3-48E6-B2B4-61D9BC662505}.Release|x64.Build.0 = Release|Any CPU
		{740FACAD-DBD3-48E6-B2B4-61D9BC662505}.Release|x86.ActiveCfg = Release|x86
		{740FACAD-DBD3-48E6-B2B4-61D9BC662505}.Release|x86.Build.0 = Release|x86
		{C8A64E56-048D-433B-86F4-EC7498A5DD31}.Debug|Any CPU.ActiveCfg = Debug|Win32
		{C8A64E56-048D-433B-86F4-EC7498A5DD31}.Debug|Any CPU.Build.0 = Debug|Win32
		{C8A64E56-048D-433B-86F4-EC7498A5DD31}.Debug|x64.ActiveCfg = Debug|Win32
		{C8A64E56-048D-433B-86F4-EC7498A5DD31}.Debug|x86.ActiveCfg = Debug|Win32
		{C8A64E56-048D-433B-86F4-EC7498A5DD31}.Debug|x86.Build.0 = Debug|Win32
		{C8A64E56-048D-433B-86F4-EC7498A5DD31}.Release|Any CPU.ActiveCfg = Release|Win32
		{C8A64E56-048D-433B-86F4-EC7498A5DD31}.Release|Any CPU.Build.0 = Release|Win32
		{C8A64E56-048D-433B-86F4-EC7498A5DD31}.Release|x64.ActiveCfg = Release|Win32
		{C8A64E56-048D-433B-86F4-EC7498A5DD31}.Release|x86.ActiveCfg = Release|Win32
		{C8A64E56-048D-433B-86F4-EC7498A5DD31}.Release|x86.Build.0 = Release|Win32
		{C04CBCC2-9CFA-4951-A6CA-86C446B974EF}.Debug|Any CPU.ActiveCfg = Debug|Any CPU
		{C04CBCC2-9CFA-4951-A6CA-86C446B974EF}.Debug|Any CPU.Build.0 = Debug|Any CPU
		{C04CBCC2-9CFA-4951-A6CA-86C446B974EF}.Debug|x64.ActiveCfg = Debug|Any CPU
		{C04CBCC2-9CFA-4951-A6CA-86C446B974EF}.Debug|x64.Build.0 = Debug|Any CPU
		{C04CBCC2-9CFA-4951-A6CA-86C446B974EF}.Debug|x86.ActiveCfg = Debug|Any CPU
		{C04CBCC2-9CFA-4951-A6CA-86C446B974EF}.Debug|x86.Build.0 = Debug|Any CPU
		{C04CBCC2-9CFA-4951-A6CA-86C446B974EF}.Release|Any CPU.ActiveCfg = Release_Embed|Any CPU
		{C04CBCC2-9CFA-4951-A6CA-86C446B974EF}.Release|Any CPU.Build.0 = Release_Embed|Any CPU
		{C04CBCC2-9CFA-4951-A6CA-86C446B974EF}.Release|x64.ActiveCfg = Release|Any CPU
		{C04CBCC2-9CFA-4951-A6CA-86C446B974EF}.Release|x64.Build.0 = Release|Any CPU
		{C04CBCC2-9CFA-4951-A6CA-86C446B974EF}.Release|x86.ActiveCfg = Release|Any CPU
		{C04CBCC2-9CFA-4951-A6CA-86C446B974EF}.Release|x86.Build.0 = Release|Any CPU
		{E8C4CA76-45CC-4054-BA75-E3817F4B35BC}.Debug|Any CPU.ActiveCfg = Debug|Any CPU
		{E8C4CA76-45CC-4054-BA75-E3817F4B35BC}.Debug|Any CPU.Build.0 = Debug|Any CPU
		{E8C4CA76-45CC-4054-BA75-E3817F4B35BC}.Debug|x64.ActiveCfg = Debug|Any CPU
		{E8C4CA76-45CC-4054-BA75-E3817F4B35BC}.Debug|x64.Build.0 = Debug|Any CPU
		{E8C4CA76-45CC-4054-BA75-E3817F4B35BC}.Debug|x86.ActiveCfg = Debug|Any CPU
		{E8C4CA76-45CC-4054-BA75-E3817F4B35BC}.Debug|x86.Build.0 = Debug|Any CPU
		{E8C4CA76-45CC-4054-BA75-E3817F4B35BC}.Release|Any CPU.ActiveCfg = Release|Any CPU
		{E8C4CA76-45CC-4054-BA75-E3817F4B35BC}.Release|Any CPU.Build.0 = Release|Any CPU
		{E8C4CA76-45CC-4054-BA75-E3817F4B35BC}.Release|x64.ActiveCfg = Release|Any CPU
		{E8C4CA76-45CC-4054-BA75-E3817F4B35BC}.Release|x64.Build.0 = Release|Any CPU
		{E8C4CA76-45CC-4054-BA75-E3817F4B35BC}.Release|x86.ActiveCfg = Release|Any CPU
		{E8C4CA76-45CC-4054-BA75-E3817F4B35BC}.Release|x86.Build.0 = Release|Any CPU
	EndGlobalSection
	GlobalSection(SolutionProperties) = preSolution
		HideSolutionNode = FALSE
	EndGlobalSection
	GlobalSection(NestedProjects) = preSolution
		{80CCD73C-14D4-4637-9C1D-89D4A65EF6C3} = {7C5CEEBC-1F9E-41A0-BBAA-FB9507543B87}
		{90B7125E-F7D0-4921-BF3E-1FA53A2E9D23} = {FB69C5CC-251D-4CAF-8399-82E955B06A91}
		{5A1A08C2-83BA-4EC4-92D9-B373093B218B} = {7C5CEEBC-1F9E-41A0-BBAA-FB9507543B87}
		{46929736-B984-430E-9A42-592EAF02AD05} = {D16789E0-0D2D-48A7-BBF3-22BABEF22495}
		{7EA2330C-0E7D-491E-8A82-C1CE5BCC1359} = {7C5CEEBC-1F9E-41A0-BBAA-FB9507543B87}
		{740FACAD-DBD3-48E6-B2B4-61D9BC662505} = {90699EE2-DFE7-4251-B13C-7BA0D355847B}
		{C8A64E56-048D-433B-86F4-EC7498A5DD31} = {FB69C5CC-251D-4CAF-8399-82E955B06A91}
		{C04CBCC2-9CFA-4951-A6CA-86C446B974EF} = {FB69C5CC-251D-4CAF-8399-82E955B06A91}
		{E8C4CA76-45CC-4054-BA75-E3817F4B35BC} = {D16789E0-0D2D-48A7-BBF3-22BABEF22495}
	EndGlobalSection
EndGlobal
